
Microsoft Visual Studio Solution File, Format Version 12.00
# Visual Studio 15
VisualStudioVersion = 15.0.28010.2019
MinimumVisualStudioVersion = 10.0.40219.1
Project("{FAE04EC0-301F-11D3-BF4B-00C04F79EFBC}") = "Contas", "Contas\Contas.csproj", "{066C8035-5255-49AF-807A-7C5AFC88FF7A}"
EndProject
Global
	GlobalSection(SolutionConfigurationPlatforms) = preSolution
		Debug|Any CPU = Debug|Any CPU
		Release|Any CPU = Release|Any CPU
	EndGlobalSection
	GlobalSection(ProjectConfigurationPlatforms) = postSolution
		{066C8035-5255-49AF-807A-7C5AFC88FF7A}.Debug|Any CPU.ActiveCfg = Debug|Any CPU
		{066C8035-5255-49AF-807A-7C5AFC88FF7A}.Debug|Any CPU.Build.0 = Debug|Any CPU
		{066C8035-5255-49AF-807A-7C5AFC88FF7A}.Release|Any CPU.ActiveCfg = Release|Any CPU
		{066C8035-5255-49AF-807A-7C5AFC88FF7A}.Release|Any CPU.Build.0 = Release|Any CPU
	EndGlobalSection
	GlobalSection(SolutionProperties) = preSolution
		HideSolutionNode = FALSE
	EndGlobalSection
	GlobalSection(ExtensibilityGlobals) = postSolution
		SolutionGuid = {B0E38A14-C124-44BB-85A2-25081B0BD315}
	EndGlobalSection
EndGlobal
