
Microsoft Visual Studio Solution File, Format Version 12.00
# Visual Studio 15
VisualStudioVersion = 15.0.28010.2019
MinimumVisualStudioVersion = 10.0.40219.1
Project("{FAE04EC0-301F-11D3-BF4B-00C04F79EFBC}") = "Número Aleatório", "Número Aleatório\Número Aleatório.csproj", "{D61BA5F6-8ACA-4A9B-9079-2AF6DEDBBBE6}"
EndProject
Global
	GlobalSection(SolutionConfigurationPlatforms) = preSolution
		Debug|Any CPU = Debug|Any CPU
		Release|Any CPU = Release|Any CPU
	EndGlobalSection
	GlobalSection(ProjectConfigurationPlatforms) = postSolution
		{D61BA5F6-8ACA-4A9B-9079-2AF6DEDBBBE6}.Debug|Any CPU.ActiveCfg = Debug|Any CPU
		{D61BA5F6-8ACA-4A9B-9079-2AF6DEDBBBE6}.Debug|Any CPU.Build.0 = Debug|Any CPU
		{D61BA5F6-8ACA-4A9B-9079-2AF6DEDBBBE6}.Release|Any CPU.ActiveCfg = Release|Any CPU
		{D61BA5F6-8ACA-4A9B-9079-2AF6DEDBBBE6}.Release|Any CPU.Build.0 = Release|Any CPU
	EndGlobalSection
	GlobalSection(SolutionProperties) = preSolution
		HideSolutionNode = FALSE
	EndGlobalSection
	GlobalSection(ExtensibilityGlobals) = postSolution
		SolutionGuid = {51EB3246-2DBB-40F0-B1AA-7790BAFBFBA3}
	EndGlobalSection
EndGlobal
