
Microsoft Visual Studio Solution File, Format Version 12.00
# Visual Studio 15
VisualStudioVersion = 15.0.28010.2019
MinimumVisualStudioVersion = 10.0.40219.1
Project("{FAE04EC0-301F-11D3-BF4B-00C04F79EFBC}") = "Vetores Dias", "Vetores Dias\Vetores Dias.csproj", "{06B75B19-9241-46EC-A293-1CE45FCD023C}"
EndProject
Global
	GlobalSection(SolutionConfigurationPlatforms) = preSolution
		Debug|Any CPU = Debug|Any CPU
		Release|Any CPU = Release|Any CPU
	EndGlobalSection
	GlobalSection(ProjectConfigurationPlatforms) = postSolution
		{06B75B19-9241-46EC-A293-1CE45FCD023C}.Debug|Any CPU.ActiveCfg = Debug|Any CPU
		{06B75B19-9241-46EC-A293-1CE45FCD023C}.Debug|Any CPU.Build.0 = Debug|Any CPU
		{06B75B19-9241-46EC-A293-1CE45FCD023C}.Release|Any CPU.ActiveCfg = Release|Any CPU
		{06B75B19-9241-46EC-A293-1CE45FCD023C}.Release|Any CPU.Build.0 = Release|Any CPU
	EndGlobalSection
	GlobalSection(SolutionProperties) = preSolution
		HideSolutionNode = FALSE
	EndGlobalSection
	GlobalSection(ExtensibilityGlobals) = postSolution
		SolutionGuid = {E0EB1D87-B356-4B28-9D14-5727B082995F}
	EndGlobalSection
EndGlobal
